
Microsoft Visual Studio Solution File, Format Version 12.00
# Visual Studio Version 17
VisualStudioVersion = 17.5.33424.131
MinimumVisualStudioVersion = 10.0.40219.1
Project("{FAE04EC0-301F-11D3-BF4B-00C04F79EFBC}") = "videoDetecter", "videoDetecter\videoDetecter.csproj", "{C827127F-46AC-4B69-9334-4CD6260958DB}"
EndProject
Global
	GlobalSection(SolutionConfigurationPlatforms) = preSolution
		Debug|Any CPU = Debug|Any CPU
		Release|Any CPU = Release|Any CPU
	EndGlobalSection
	GlobalSection(ProjectConfigurationPlatforms) = postSolution
		{C827127F-46AC-4B69-9334-4CD6260958DB}.Debug|Any CPU.ActiveCfg = Debug|Any CPU
		{C827127F-46AC-4B69-9334-4CD6260958DB}.Debug|Any CPU.Build.0 = Debug|Any CPU
		{C827127F-46AC-4B69-9334-4CD6260958DB}.Release|Any CPU.ActiveCfg = Release|Any CPU
		{C827127F-46AC-4B69-9334-4CD6260958DB}.Release|Any CPU.Build.0 = Release|Any CPU
	EndGlobalSection
	GlobalSection(SolutionProperties) = preSolution
		HideSolutionNode = FALSE
	EndGlobalSection
	GlobalSection(ExtensibilityGlobals) = postSolution
		SolutionGuid = {FB8117A3-7961-4B8F-A2EA-98DE4FC40B0A}
	EndGlobalSection
EndGlobal
